# This file is automatically @generated by Cargo.
# It is not intended for manual editing.
[[package]]
name = "pj-sys"
version = "0.1.0"

[[package]]
name = "pjlib-util-sys"
version = "0.1.0"
dependencies = [
 "pj-sys",
]

[[package]]
name = "pjmedia-audiodev-sys"
version = "0.1.0"
dependencies = [
 "pj-sys",
 "pjmedia-sys",
]

[[package]]
name = "pjmedia-sys"
version = "0.1.0"
dependencies = [
 "pj-sys",
 "pjnath-sys",
]

[[package]]
name = "pjnath-sys"
version = "0.1.0"
dependencies = [
 "pj-sys",
 "pjlib-util-sys",
]
